
Microsoft Visual Studio Solution File, Format Version 12.00
# Visual Studio Version 17
VisualStudioVersion = 17.7.34031.279
MinimumVisualStudioVersion = 10.0.40219.1
Project("{2150E333-8FDC-42A3-9474-1A3956D46DE8}") = "src", "src", "{E888E39F-878D-4C48-B9BC-345E3EA09299}"
EndProject
Project("{FAE04EC0-301F-11D3-BF4B-00C04F79EFBC}") = "Application.WPF", "src\Application.WPF\Application.WPF.csproj", "{75D14432-5660-4CBF-AF28-BF037316134A}"
EndProject
Project("{FAE04EC0-301F-11D3-BF4B-00C04F79EFBC}") = "Application.WPF.Views", "src\Application.WPF.Views\Application.WPF.Views.csproj", "{1C6D97A9-04E4-4C6B-89E4-0BB3BFBF7C92}"
EndProject
Project("{FAE04EC0-301F-11D3-BF4B-00C04F79EFBC}") = "Application.WPF.ViewModels", "src\Application.WPF.ViewModels\Application.WPF.ViewModels.csproj", "{8B664CD9-40AC-4B3F-9CA6-04EB4051A2A1}"
EndProject
Project("{FAE04EC0-301F-11D3-BF4B-00C04F79EFBC}") = "Application.WPF.Models", "src\Application.WPF.Models\Application.WPF.Models.csproj", "{1FCB41B3-765B-45AC-B587-CDEB80F2A416}"
EndProject
Project("{FAE04EC0-301F-11D3-BF4B-00C04F79EFBC}") = "Application.WPF.Services", "src\Application.WPF.Services\Application.WPF.Services.csproj", "{18B993A9-CFD5-4489-B718-E4A92EF043F7}"
EndProject
Project("{FAE04EC0-301F-11D3-BF4B-00C04F79EFBC}") = "Application.WPF.Infrastructure", "src\Application.WPF.Infrastructure\Application.WPF.Infrastructure.csproj", "{DDFF3348-D30D-4B37-8A78-BD27534E075F}"
EndProject
Project("{FAE04EC0-301F-11D3-BF4B-00C04F79EFBC}") = "Application.WPF.Common", "src\Application.WPF.Common\Application.WPF.Common.csproj", "{A6D1E5F3-44F1-4722-BD7A-8C230F183458}"
EndProject
Project("{FAE04EC0-301F-11D3-BF4B-00C04F79EFBC}") = "Application.WPF.Resources", "src\Application.WPF.Resources\Application.WPF.Resources.csproj", "{FA2CA445-B681-402C-AB65-1BED813EED9A}"
EndProject
Project("{2150E333-8FDC-42A3-9474-1A3956D46DE8}") = "tests", "tests", "{AC7565EB-839F-463D-A12A-4CA40EF85DCE}"
EndProject
Project("{FAE04EC0-301F-11D3-BF4B-00C04F79EFBC}") = "Application.WPF.Tests", "tests\Application.WPF.Tests\Application.WPF.Tests.csproj", "{A716A85B-7851-4FDF-B8F0-555DD1B7D676}"
EndProject
Global
	GlobalSection(SolutionProperties) = preSolution
		HideSolutionNode = FALSE
	EndGlobalSection
	GlobalSection(ExtensibilityGlobals) = postSolution
		SolutionGuid = {17172518-2CF8-4AEB-B8E0-9D0167137F49}
	EndGlobalSection
	GlobalSection(SolutionConfigurationPlatforms) = preSolution
		Debug|Any CPU = Debug|Any CPU
		Debug|x64 = Debug|x64
		Debug|x86 = Debug|x86
		Release|Any CPU = Release|Any CPU
		Release|x64 = Release|x64
		Release|x86 = Release|x86
	EndGlobalSection
	GlobalSection(ProjectConfigurationPlatforms) = postSolution
		{75D14432-5660-4CBF-AF28-BF037316134A}.Debug|Any CPU.ActiveCfg = Debug|Any CPU
		{75D14432-5660-4CBF-AF28-BF037316134A}.Debug|Any CPU.Build.0 = Debug|Any CPU
		{75D14432-5660-4CBF-AF28-BF037316134A}.Debug|x64.ActiveCfg = Debug|Any CPU
		{75D14432-5660-4CBF-AF28-BF037316134A}.Debug|x64.Build.0 = Debug|Any CPU
		{75D14432-5660-4CBF-AF28-BF037316134A}.Debug|x86.ActiveCfg = Debug|Any CPU
		{75D14432-5660-4CBF-AF28-BF037316134A}.Debug|x86.Build.0 = Debug|Any CPU
		{75D14432-5660-4CBF-AF28-BF037316134A}.Release|Any CPU.ActiveCfg = Release|Any CPU
		{75D14432-5660-4CBF-AF28-BF037316134A}.Release|Any CPU.Build.0 = Release|Any CPU
		{75D14432-5660-4CBF-AF28-BF037316134A}.Release|x64.ActiveCfg = Release|Any CPU
		{75D14432-5660-4CBF-AF28-BF037316134A}.Release|x64.Build.0 = Release|Any CPU
		{75D14432-5660-4CBF-AF28-BF037316134A}.Release|x86.ActiveCfg = Release|Any CPU
		{75D14432-5660-4CBF-AF28-BF037316134A}.Release|x86.Build.0 = Release|Any CPU
		{1C6D97A9-04E4-4C6B-89E4-0BB3BFBF7C92}.Debug|Any CPU.ActiveCfg = Debug|Any CPU
		{1C6D97A9-04E4-4C6B-89E4-0BB3BFBF7C92}.Debug|Any CPU.Build.0 = Debug|Any CPU
		{1C6D97A9-04E4-4C6B-89E4-0BB3BFBF7C92}.Debug|x64.ActiveCfg = Debug|Any CPU
		{1C6D97A9-04E4-4C6B-89E4-0BB3BFBF7C92}.Debug|x64.Build.0 = Debug|Any CPU
		{1C6D97A9-04E4-4C6B-89E4-0BB3BFBF7C92}.Debug|x86.ActiveCfg = Debug|Any CPU
		{1C6D97A9-04E4-4C6B-89E4-0BB3BFBF7C92}.Debug|x86.Build.0 = Debug|Any CPU
		{1C6D97A9-04E4-4C6B-89E4-0BB3BFBF7C92}.Release|Any CPU.ActiveCfg = Release|Any CPU
		{1C6D97A9-04E4-4C6B-89E4-0BB3BFBF7C92}.Release|Any CPU.Build.0 = Release|Any CPU
		{1C6D97A9-04E4-4C6B-89E4-0BB3BFBF7C92}.Release|x64.ActiveCfg = Release|Any CPU
		{1C6D97A9-04E4-4C6B-89E4-0BB3BFBF7C92}.Release|x64.Build.0 = Release|Any CPU
		{1C6D97A9-04E4-4C6B-89E4-0BB3BFBF7C92}.Release|x86.ActiveCfg = Release|Any CPU
		{1C6D97A9-04E4-4C6B-89E4-0BB3BFBF7C92}.Release|x86.Build.0 = Release|Any CPU
		{8B664CD9-40AC-4B3F-9CA6-04EB4051A2A1}.Debug|Any CPU.ActiveCfg = Debug|Any CPU
		{8B664CD9-40AC-4B3F-9CA6-04EB4051A2A1}.Debug|Any CPU.Build.0 = Debug|Any CPU
		{8B664CD9-40AC-4B3F-9CA6-04EB4051A2A1}.Debug|x64.ActiveCfg = Debug|Any CPU
		{8B664CD9-40AC-4B3F-9CA6-04EB4051A2A1}.Debug|x64.Build.0 = Debug|Any CPU
		{8B664CD9-40AC-4B3F-9CA6-04EB4051A2A1}.Debug|x86.ActiveCfg = Debug|Any CPU
		{8B664CD9-40AC-4B3F-9CA6-04EB4051A2A1}.Debug|x86.Build.0 = Debug|Any CPU
		{8B664CD9-40AC-4B3F-9CA6-04EB4051A2A1}.Release|Any CPU.ActiveCfg = Release|Any CPU
		{8B664CD9-40AC-4B3F-9CA6-04EB4051A2A1}.Release|Any CPU.Build.0 = Release|Any CPU
		{8B664CD9-40AC-4B3F-9CA6-04EB4051A2A1}.Release|x64.ActiveCfg = Release|Any CPU
		{8B664CD9-40AC-4B3F-9CA6-04EB4051A2A1}.Release|x64.Build.0 = Release|Any CPU
		{8B664CD9-40AC-4B3F-9CA6-04EB4051A2A1}.Release|x86.ActiveCfg = Release|Any CPU
		{8B664CD9-40AC-4B3F-9CA6-04EB4051A2A1}.Release|x86.Build.0 = Release|Any CPU
		{1FCB41B3-765B-45AC-B587-CDEB80F2A416}.Debug|Any CPU.ActiveCfg = Debug|Any CPU
		{1FCB41B3-765B-45AC-B587-CDEB80F2A416}.Debug|Any CPU.Build.0 = Debug|Any CPU
		{1FCB41B3-765B-45AC-B587-CDEB80F2A416}.Debug|x64.ActiveCfg = Debug|Any CPU
		{1FCB41B3-765B-45AC-B587-CDEB80F2A416}.Debug|x64.Build.0 = Debug|Any CPU
		{1FCB41B3-765B-45AC-B587-CDEB80F2A416}.Debug|x86.ActiveCfg = Debug|Any CPU
		{1FCB41B3-765B-45AC-B587-CDEB80F2A416}.Debug|x86.Build.0 = Debug|Any CPU
		{1FCB41B3-765B-45AC-B587-CDEB80F2A416}.Release|Any CPU.ActiveCfg = Release|Any CPU
		{1FCB41B3-765B-45AC-B587-CDEB80F2A416}.Release|Any CPU.Build.0 = Release|Any CPU
		{1FCB41B3-765B-45AC-B587-CDEB80F2A416}.Release|x64.ActiveCfg = Release|Any CPU
		{1FCB41B3-765B-45AC-B587-CDEB80F2A416}.Release|x64.Build.0 = Release|Any CPU
		{1FCB41B3-765B-45AC-B587-CDEB80F2A416}.Release|x86.ActiveCfg = Release|Any CPU
		{1FCB41B3-765B-45AC-B587-CDEB80F2A416}.Release|x86.Build.0 = Release|Any CPU
		{18B993A9-CFD5-4489-B718-E4A92EF043F7}.Debug|Any CPU.ActiveCfg = Debug|Any CPU
		{18B993A9-CFD5-4489-B718-E4A92EF043F7}.Debug|Any CPU.Build.0 = Debug|Any CPU
		{18B993A9-CFD5-4489-B718-E4A92EF043F7}.Debug|x64.ActiveCfg = Debug|Any CPU
		{18B993A9-CFD5-4489-B718-E4A92EF043F7}.Debug|x64.Build.0 = Debug|Any CPU
		{18B993A9-CFD5-4489-B718-E4A92EF043F7}.Debug|x86.ActiveCfg = Debug|Any CPU
		{18B993A9-CFD5-4489-B718-E4A92EF043F7}.Debug|x86.Build.0 = Debug|Any CPU
		{18B993A9-CFD5-4489-B718-E4A92EF043F7}.Release|Any CPU.ActiveCfg = Release|Any CPU
		{18B993A9-CFD5-4489-B718-E4A92EF043F7}.Release|Any CPU.Build.0 = Release|Any CPU
		{18B993A9-CFD5-4489-B718-E4A92EF043F7}.Release|x64.ActiveCfg = Release|Any CPU
		{18B993A9-CFD5-4489-B718-E4A92EF043F7}.Release|x64.Build.0 = Release|Any CPU
		{18B993A9-CFD5-4489-B718-E4A92EF043F7}.Release|x86.ActiveCfg = Release|Any CPU
		{18B993A9-CFD5-4489-B718-E4A92EF043F7}.Release|x86.Build.0 = Release|Any CPU
		{DDFF3348-D30D-4B37-8A78-BD27534E075F}.Debug|Any CPU.ActiveCfg = Debug|Any CPU
		{DDFF3348-D30D-4B37-8A78-BD27534E075F}.Debug|Any CPU.Build.0 = Debug|Any CPU
		{DDFF3348-D30D-4B37-8A78-BD27534E075F}.Debug|x64.ActiveCfg = Debug|Any CPU
		{DDFF3348-D30D-4B37-8A78-BD27534E075F}.Debug|x64.Build.0 = Debug|Any CPU
		{DDFF3348-D30D-4B37-8A78-BD27534E075F}.Debug|x86.ActiveCfg = Debug|Any CPU
		{DDFF3348-D30D-4B37-8A78-BD27534E075F}.Debug|x86.Build.0 = Debug|Any CPU
		{DDFF3348-D30D-4B37-8A78-BD27534E075F}.Release|Any CPU.ActiveCfg = Release|Any CPU
		{DDFF3348-D30D-4B37-8A78-BD27534E075F}.Release|Any CPU.Build.0 = Release|Any CPU
		{DDFF3348-D30D-4B37-8A78-BD27534E075F}.Release|x64.ActiveCfg = Release|Any CPU
		{DDFF3348-D30D-4B37-8A78-BD27534E075F}.Release|x64.Build.0 = Release|Any CPU
		{DDFF3348-D30D-4B37-8A78-BD27534E075F}.Release|x86.ActiveCfg = Release|Any CPU
		{DDFF3348-D30D-4B37-8A78-BD27534E075F}.Release|x86.Build.0 = Release|Any CPU
		{A6D1E5F3-44F1-4722-BD7A-8C230F183458}.Debug|Any CPU.ActiveCfg = Debug|Any CPU
		{A6D1E5F3-44F1-4722-BD7A-8C230F183458}.Debug|Any CPU.Build.0 = Debug|Any CPU
		{A6D1E5F3-44F1-4722-BD7A-8C230F183458}.Debug|x64.ActiveCfg = Debug|Any CPU
		{A6D1E5F3-44F1-4722-BD7A-8C230F183458}.Debug|x64.Build.0 = Debug|Any CPU
		{A6D1E5F3-44F1-4722-BD7A-8C230F183458}.Debug|x86.ActiveCfg = Debug|Any CPU
		{A6D1E5F3-44F1-4722-BD7A-8C230F183458}.Debug|x86.Build.0 = Debug|Any CPU
		{A6D1E5F3-44F1-4722-BD7A-8C230F183458}.Release|Any CPU.ActiveCfg = Release|Any CPU
		{A6D1E5F3-44F1-4722-BD7A-8C230F183458}.Release|Any CPU.Build.0 = Release|Any CPU
		{A6D1E5F3-44F1-4722-BD7A-8C230F183458}.Release|x64.ActiveCfg = Release|Any CPU
		{A6D1E5F3-44F1-4722-BD7A-8C230F183458}.Release|x64.Build.0 = Release|Any CPU
		{A6D1E5F3-44F1-4722-BD7A-8C230F183458}.Release|x86.ActiveCfg = Release|Any CPU
		{A6D1E5F3-44F1-4722-BD7A-8C230F183458}.Release|x86.Build.0 = Release|Any CPU
		{FA2CA445-B681-402C-AB65-1BED813EED9A}.Debug|Any CPU.ActiveCfg = Debug|Any CPU
		{FA2CA445-B681-402C-AB65-1BED813EED9A}.Debug|Any CPU.Build.0 = Debug|Any CPU
		{FA2CA445-B681-402C-AB65-1BED813EED9A}.Debug|x64.ActiveCfg = Debug|Any CPU
		{FA2CA445-B681-402C-AB65-1BED813EED9A}.Debug|x64.Build.0 = Debug|Any CPU
		{FA2CA445-B681-402C-AB65-1BED813EED9A}.Debug|x86.ActiveCfg = Debug|Any CPU
		{FA2CA445-B681-402C-AB65-1BED813EED9A}.Debug|x86.Build.0 = Debug|Any CPU
		{FA2CA445-B681-402C-AB65-1BED813EED9A}.Release|Any CPU.ActiveCfg = Release|Any CPU
		{FA2CA445-B681-402C-AB65-1BED813EED9A}.Release|Any CPU.Build.0 = Release|Any CPU
		{FA2CA445-B681-402C-AB65-1BED813EED9A}.Release|x64.ActiveCfg = Release|Any CPU
		{FA2CA445-B681-402C-AB65-1BED813EED9A}.Release|x64.Build.0 = Release|Any CPU
		{FA2CA445-B681-402C-AB65-1BED813EED9A}.Release|x86.ActiveCfg = Release|Any CPU
		{FA2CA445-B681-402C-AB65-1BED813EED9A}.Release|x86.Build.0 = Release|Any CPU
		{A716A85B-7851-4FDF-B8F0-555DD1B7D676}.Debug|Any CPU.ActiveCfg = Debug|Any CPU
		{A716A85B-7851-4FDF-B8F0-555DD1B7D676}.Debug|Any CPU.Build.0 = Debug|Any CPU
		{A716A85B-7851-4FDF-B8F0-555DD1B7D676}.Debug|x64.ActiveCfg = Debug|Any CPU
		{A716A85B-7851-4FDF-B8F0-555DD1B7D676}.Debug|x64.Build.0 = Debug|Any CPU
		{A716A85B-7851-4FDF-B8F0-555DD1B7D676}.Debug|x86.ActiveCfg = Debug|Any CPU
		{A716A85B-7851-4FDF-B8F0-555DD1B7D676}.Debug|x86.Build.0 = Debug|Any CPU
		{A716A85B-7851-4FDF-B8F0-555DD1B7D676}.Release|Any CPU.ActiveCfg = Release|Any CPU
		{A716A85B-7851-4FDF-B8F0-555DD1B7D676}.Release|Any CPU.Build.0 = Release|Any CPU
		{A716A85B-7851-4FDF-B8F0-555DD1B7D676}.Release|x64.ActiveCfg = Release|Any CPU
		{A716A85B-7851-4FDF-B8F0-555DD1B7D676}.Release|x64.Build.0 = Release|Any CPU
		{A716A85B-7851-4FDF-B8F0-555DD1B7D676}.Release|x86.ActiveCfg = Release|Any CPU
		{A716A85B-7851-4FDF-B8F0-555DD1B7D676}.Release|x86.Build.0 = Release|Any CPU
	EndGlobalSection
	GlobalSection(NestedProjects) = preSolution
		{75D14432-5660-4CBF-AF28-BF037316134A} = {E888E39F-878D-4C48-B9BC-345E3EA09299}
		{1C6D97A9-04E4-4C6B-89E4-0BB3BFBF7C92} = {E888E39F-878D-4C48-B9BC-345E3EA09299}
		{8B664CD9-40AC-4B3F-9CA6-04EB4051A2A1} = {E888E39F-878D-4C48-B9BC-345E3EA09299}
		{1FCB41B3-765B-45AC-B587-CDEB80F2A416} = {E888E39F-878D-4C48-B9BC-345E3EA09299}
		{18B993A9-CFD5-4489-B718-E4A92EF043F7} = {E888E39F-878D-4C48-B9BC-345E3EA09299}
		{DDFF3348-D30D-4B37-8A78-BD27534E075F} = {E888E39F-878D-4C48-B9BC-345E3EA09299}
		{A6D1E5F3-44F1-4722-BD7A-8C230F183458} = {E888E39F-878D-4C48-B9BC-345E3EA09299}
		{FA2CA445-B681-402C-AB65-1BED813EED9A} = {E888E39F-878D-4C48-B9BC-345E3EA09299}
		{A716A85B-7851-4FDF-B8F0-555DD1B7D676} = {AC7565EB-839F-463D-A12A-4CA40EF85DCE}
	EndGlobalSection
EndGlobal
